// !$*UTF8*$!
{
	archiveVersion = 1;
	classes = {
	};
	objectVersion = 46;
	objects = {

/* Begin PBXBuildFile section */
		81F012A11F0F969900C0A76D /* main.m in Sources */ = {isa = PBXBuildFile; fileRef = 81F012A01F0F969900C0A76D /* main.m */; };
		81F012A41F0F969900C0A76D /* AppDelegate.m in Sources */ = {isa = PBXBuildFile; fileRef = 81F012A31F0F969900C0A76D /* AppDelegate.m */; };
		81F012A71F0F969900C0A76D /* ViewController.m in Sources */ = {isa = PBXBuildFile; fileRef = 81F012A61F0F969900C0A76D /* ViewController.m */; };
		81F012AA1F0F969900C0A76D /* Main.storyboard in Resources */ = {isa = PBXBuildFile; fileRef = 81F012A81F0F969900C0A76D /* Main.storyboard */; };
		81F012AC1F0F969900C0A76D /* Assets.xcassets in Resources */ = {isa = PBXBuildFile; fileRef = 81F012AB1F0F969900C0A76D /* Assets.xcassets */; };
		81F012AF1F0F969900C0A76D /* LaunchScreen.storyboard in Resources */ = {isa = PBXBuildFile; fileRef = 81F012AD1F0F969900C0A76D /* LaunchScreen.storyboard */; };
		81F012B81F0F96AF00C0A76D /* NSObject+wl_Runtime.m in Sources */ = {isa = PBXBuildFile; fileRef = 81F012B71F0F96AF00C0A76D /* NSObject+wl_Runtime.m */; };
/* End PBXBuildFile section */

/* Begin PBXFileReference section */
		81F0129C1F0F969900C0A76D /* RuntimeTest.app */ = {isa = PBXFileReference; explicitFileType = wrapper.application; includeInIndex = 0; path = RuntimeTest.app; sourceTree = BUILT_PRODUCTS_DIR; };
		81F012A01F0F969900C0A76D /* main.m */ = {isa = PBXFileReference; lastKnownFileType = sourcecode.c.objc; path = main.m; sourceTree = "<group>"; };
		81F012A21F0F969900C0A76D /* AppDelegate.h */ = {isa = PBXFileReference; lastKnownFileType = sourcecode.c.h; path = AppDelegate.h; sourceTree = "<group>"; };
		81F012A31F0F969900C0A76D /* AppDelegate.m */ = {isa = PBXFileReference; lastKnownFileType = sourcecode.c.objc; path = AppDelegate.m; sourceTree = "<group>"; };
		81F012A51F0F969900C0A76D /* ViewController.h */ = {isa = PBXFileReference; lastKnownFileType = sourcecode.c.h; path = ViewController.h; sourceTree = "<group>"; };
		81F012A61F0F969900C0A76D /* ViewController.m */ = {isa = PBXFileReference; lastKnownFileType = sourcecode.c.objc; path = ViewController.m; sourceTree = "<group>"; };
		81F012A91F0F969900C0A76D /* Base */ = {isa = PBXFileReference; lastKnownFileType = file.storyboard; name = Base; path = Base.lproj/Main.storyboard; sourceTree = "<group>"; };
		81F012AB1F0F969900C0A76D /* Assets.xcassets */ = {isa = PBXFileReference; lastKnownFileType = folder.assetcatalog; path = Assets.xcassets; sourceTree = "<group>"; };
		81F012AE1F0F969900C0A76D /* Base */ = {isa = PBXFileReference; lastKnownFileType = file.storyboard; name = Base; path = Base.lproj/LaunchScreen.storyboard; sourceTree = "<group>"; };
		81F012B01F0F969900C0A76D /* Info.plist */ = {isa = PBXFileReference; lastKnownFileType = text.plist.xml; path = Info.plist; sourceTree = "<group>"; };
		81F012B61F0F96AF00C0A76D /* NSObject+wl_Runtime.h */ = {isa = PBXFileReference; fileEncoding = 4; lastKnownFileType = sourcecode.c.h; path = "NSObject+wl_Runtime.h"; sourceTree = "<group>"; };
		81F012B71F0F96AF00C0A76D /* NSObject+wl_Runtime.m */ = {isa = PBXFileReference; fileEncoding = 4; lastKnownFileType = sourcecode.c.objc; path = "NSObject+wl_Runtime.m"; sourceTree = "<group>"; };
/* End PBXFileReference section */

/* Begin PBXFrameworksBuildPhase section */
		81F012991F0F969900C0A76D /* Frameworks */ = {
			isa = PBXFrameworksBuildPhase;
			buildActionMask = 2147483647;
			files = (
			);
			runOnlyForDeploymentPostprocessing = 0;
		};
/* End PBXFrameworksBuildPhase section */

/* Begin PBXGroup section */
		81F012931F0F969900C0A76D = {
			isa = PBXGroup;
			children = (
				81F0129E1F0F969900C0A76D /* RuntimeTest */,
				81F0129D1F0F969900C0A76D /* Products */,
			);
			sourceTree = "<group>";
		};
		81F0129D1F0F969900C0A76D /* Products */ = {
			isa = PBXGroup;
			children = (
				81F0129C1F0F969900C0A76D /* RuntimeTest.app */,
			);
			name = Products;
			sourceTree = "<group>";
		};
		81F0129E1F0F969900C0A76D /* RuntimeTest */ = {
			isa = PBXGroup;
			children = (
				81F012A21F0F969900C0A76D /* AppDelegate.h */,
				81F012A31F0F969900C0A76D /* AppDelegate.m */,
				81F012A51F0F969900C0A76D /* ViewController.h */,
				81F012A61F0F969900C0A76D /* ViewController.m */,
				81F012B61F0F96AF00C0A76D /* NSObject+wl_Runtime.h */,
				81F012B71F0F96AF00C0A76D /* NSObject+wl_Runtime.m */,
				81F012A81F0F969900C0A76D /* Main.storyboard */,
				81F012AB1F0F969900C0A76D /* Assets.xcassets */,
				81F012AD1F0F969900C0A76D /* LaunchScreen.storyboard */,
				81F012B01F0F969900C0A76D /* Info.plist */,
				81F0129F1F0F969900C0A76D /* Supporting Files */,
			);
			path = RuntimeTest;
			sourceTree = "<group>";
		};
		81F0129F1F0F969900C0A76D /* Supporting Files */ = {
			isa = PBXGroup;
			children = (
				81F012A01F0F969900C0A76D /* main.m */,
			);
			name = "Supporting Files";
			sourceTree = "<group>";
		};
/* End PBXGroup section */

/* Begin PBXNativeTarget section */
		81F0129B1F0F969900C0A76D /* RuntimeTest */ = {
			isa = PBXNativeTarget;
			buildConfigurationList = 81F012B31F0F969900C0A76D /* Build configuration list for PBXNativeTarget "RuntimeTest" */;
			buildPhases = (
				81F012981F0F969900C0A76D /* Sources */,
				81F012991F0F969900C0A76D /* Frameworks */,
				81F0129A1F0F969900C0A76D /* Resources */,
			);
			buildRules = (
			);
			dependencies = (
			);
			name = RuntimeTest;
			productName = RuntimeTest;
			productReference = 81F0129C1F0F969900C0A76D /* RuntimeTest.app */;
			productType = "com.apple.product-type.application";
		};
/* End PBXNativeTarget section */

/* Begin PBXProject section */
		81F012941F0F969900C0A76D /* Project object */ = {
			isa = PBXProject;
			attributes = {
				LastUpgradeCheck = 0830;
				ORGANIZATIONNAME = com.vinlor;
				TargetAttributes = {
					81F0129B1F0F969900C0A76D = {
						CreatedOnToolsVersion = 8.3.2;
						DevelopmentTeam = 34CC3Y6G4G;
						ProvisioningStyle = Automatic;
					};
				};
			};
			buildConfigurationList = 81F012971F0F969900C0A76D /* Build configuration list for PBXProject "RuntimeTest" */;
			compatibilityVersion = "Xcode 3.2";
			developmentRegion = English;
			hasScannedForEncodings = 0;
			knownRegions = (
				en,
				Base,
			);
			mainGroup = 81F012931F0F969900C0A76D;
			productRefGroup = 81F0129D1F0F969900C0A76D /* Products */;
			projectDirPath = "";
			projectRoot = "";
			targets = (
				81F0129B1F0F969900C0A76D /* RuntimeTest */,
			);
		};
/* End PBXProject section */

/* Begin PBXResourcesBuildPhase section */
		81F0129A1F0F969900C0A76D /* Resources */ = {
			isa = PBXResourcesBuildPhase;
			buildActionMask = 2147483647;
			files = (
				81F012AF1F0F969900C0A76D /* LaunchScreen.storyboard in Resources */,
				81F012AC1F0F969900C0A76D /* Assets.xcassets in Resources */,
				81F012AA1F0F969900C0A76D /* Main.storyboard in Resources */,
			);
			runOnlyForDeploymentPostprocessing = 0;
		};
/* End PBXResourcesBuildPhase section */

/* Begin PBXSourcesBuildPhase section */
		81F012981F0F969900C0A76D /* Sources */ = {
			isa = PBXSourcesBuildPhase;
			buildActionMask = 2147483647;
			files = (
				81F012A71F0F969900C0A76D /* ViewController.m in Sources */,
				81F012B81F0F96AF00C0A76D /* NSObject+wl_Runtime.m in Sources */,
				81F012A41F0F969900C0A76D /* AppDelegate.m in Sources */,
				81F012A11F0F969900C0A76D /* main.m in Sources */,
			);
			runOnlyForDeploymentPostprocessing = 0;
		};
/* End PBXSourcesBuildPhase section */

/* Begin PBXVariantGroup section */
		81F012A81F0F969900C0A76D /* Main.storyboard */ = {
			isa = PBXVariantGroup;
			children = (
				81F012A91F0F969900C0A76D /* Base */,
			);
			name = Main.storyboard;
			sourceTree = "<group>";
		};
		81F012AD1F0F969900C0A76D /* LaunchScreen.storyboard */ = {
			isa = PBXVariantGroup;
			children = (
				81F012AE1F0F969900C0A76D /* Base */,
			);
			name = LaunchScreen.storyboard;
			sourceTree = "<group>";
		};
/* End PBXVariantGroup section */

/* Begin XCBuildConfiguration section */
		81F012B11F0F969900C0A76D /* Debug */ = {
			isa = XCBuildConfiguration;
			buildSettings = {
				ALWAYS_SEARCH_USER_PATHS = NO;
				CLANG_ANALYZER_NONNULL = YES;
				CLANG_ANALYZER_NUMBER_OBJECT_CONVERSION = YES_AGGRESSIVE;
				CLANG_CXX_LANGUAGE_STANDARD = "gnu++0x";
				CLANG_CXX_LIBRARY = "libc++";
				CLANG_ENABLE_MODULES = YES;
				CLANG_ENABLE_OBJC_ARC = YES;
				CLANG_WARN_BOOL_CONVERSION = YES;
				CLANG_WARN_CONSTANT_CONVERSION = YES;
				CLANG_WARN_DIRECT_OBJC_ISA_USAGE = YES_ERROR;
				CLANG_WARN_DOCUMENTATION_COMMENTS = YES;
				CLANG_WARN_EMPTY_BODY = YES;
				CLANG_WARN_ENUM_CONVERSION = YES;
				CLANG_WARN_INFINITE_RECURSION = YES;
				CLANG_WARN_INT_CONVERSION = YES;
				CLANG_WARN_OBJC_ROOT_CLASS = YES_ERROR;
				CLANG_WARN_SUSPICIOUS_MOVE = YES;
				CLANG_WARN_UNREACHABLE_CODE = YES;
				CLANG_WARN__DUPLICATE_METHOD_MATCH = YES;
				"CODE_SIGN_IDENTITY[sdk=iphoneos*]" = "iPhone Developer";
				COPY_PHASE_STRIP = NO;
				DEBUG_INFORMATION_FORMAT = dwarf;
				ENABLE_STRICT_OBJC_MSGSEND = YES;
				ENABLE_TESTABILITY = YES;
				GCC_C_LANGUAGE_STANDARD = gnu99;
				GCC_DYNAMIC_NO_PIC = NO;
				GCC_NO_COMMON_BLOCKS = YES;
				GCC_OPTIMIZATION_LEVEL = 0;
				GCC_PREPROCESSOR_DEFINITIONS = (
					"DEBUG=1",
					"$(inherited)",
				);
				GCC_WARN_64_TO_32_BIT_CONVERSION = YES;
				GCC_WARN_ABOUT_RETURN_TYPE = YES_ERROR;
				GCC_WARN_UNDECLARED_SELECTOR = YES;
				GCC_WARN_UNINITIALIZED_AUTOS = YES_AGGRESSIVE;
				GCC_WARN_UNUSED_FUNCTION = YES;
				GCC_WARN_UNUSED_VARIABLE = YES;
				IPHONEOS_DEPLOYMENT_TARGET = 10.3;
				MTL_ENABLE_DEBUG_INFO = YES;
				ONLY_ACTIVE_ARCH = YES;
				SDKROOT = iphoneos;
				TARGETED_DEVICE_FAMILY = "1,2";
			};
			name = Debug;
		};
		81F012B21F0F969900C0A76D /* Release */ = {
			isa = XCBuildConfiguration;
			buildSettings = {
				ALWAYS_SEARCH_USER_PATHS = NO;
				CLANG_ANALYZER_NONNULL = YES;
				CLANG_ANALYZER_NUMBER_OBJECT_CONVERSION = YES_AGGRESSIVE;
				CLANG_CXX_LANGUAGE_STANDARD = "gnu++0x";
				CLANG_CXX_LIBRARY = "libc++";
				CLANG_ENABLE_MODULES = YES;
				CLANG_ENABLE_OBJC_ARC = YES;
				CLANG_WARN_BOOL_CONVERSION = YES;
				CLANG_WARN_CONSTANT_CONVERSION = YES;
				CLANG_WARN_DIRECT_OBJC_ISA_USAGE = YES_ERROR;
				CLANG_WARN_DOCUMENTATION_COMMENTS = YES;
				CLANG_WARN_EMPTY_BODY = YES;
				CLANG_WARN_ENUM_CONVERSION = YES;
				CLANG_WARN_INFINITE_RECURSION = YES;
				CLANG_WARN_INT_CONVERSION = YES;
				CLANG_WARN_OBJC_ROOT_CLASS = YES_ERROR;
				CLANG_WARN_SUSPICIOUS_MOVE = YES;
				CLANG_WARN_UNREACHABLE_CODE = YES;
				CLANG_WARN__DUPLICATE_METHOD_MATCH = YES;
				"CODE_SIGN_IDENTITY[sdk=iphoneos*]" = "iPhone Developer";
				COPY_PHASE_STRIP = NO;
				DEBUG_INFORMATION_FORMAT = "dwarf-with-dsym";
				ENABLE_NS_ASSERTIONS = NO;
				ENABLE_STRICT_OBJC_MSGSEND = YES;
				GCC_C_LANGUAGE_STANDARD = gnu99;
				GCC_NO_COMMON_BLOCKS = YES;
				GCC_WARN_64_TO_32_BIT_CONVERSION = YES;
				GCC_WARN_ABOUT_RETURN_TYPE = YES_ERROR;
				GCC_WARN_UNDECLARED_SELECTOR = YES;
				GCC_WARN_UNINITIALIZED_AUTOS = YES_AGGRESSIVE;
				GCC_WARN_UNUSED_FUNCTION = YES;
				GCC_WARN_UNUSED_VARIABLE = YES;
				IPHONEOS_DEPLOYMENT_TARGET = 10.3;
				MTL_ENABLE_DEBUG_INFO = NO;
				SDKROOT = iphoneos;
				TARGETED_DEVICE_FAMILY = "1,2";
				VALIDATE_PRODUCT = YES;
			};
			name = Release;
		};
		81F012B41F0F969900C0A76D /* Debug */ = {
			isa = XCBuildConfiguration;
			buildSettings = {
				ASSETCATALOG_COMPILER_APPICON_NAME = AppIcon;
				DEVELOPMENT_TEAM = 34CC3Y6G4G;
				INFOPLIST_FILE = RuntimeTest/Info.plist;
				LD_RUNPATH_SEARCH_PATHS = "$(inherited) @executable_path/Frameworks";
				PRODUCT_BUNDLE_IDENTIFIER = com.vinlor.RuntimeTest;
				PRODUCT_NAME = "$(TARGET_NAME)";
			};
			name = Debug;
		};
		81F012B51F0F969900C0A76D /* Release */ = {
			isa = XCBuildConfiguration;
			buildSettings = {
				ASSETCATALOG_COMPILER_APPICON_NAME = AppIcon;
				DEVELOPMENT_TEAM = 34CC3Y6G4G;
				INFOPLIST_FILE = RuntimeTest/Info.plist;
				LD_RUNPATH_SEARCH_PATHS = "$(inherited) @executable_path/Frameworks";
				PRODUCT_BUNDLE_IDENTIFIER = com.vinlor.RuntimeTest;
				PRODUCT_NAME = "$(TARGET_NAME)";
			};
			name = Release;
		};
/* End XCBuildConfiguration section */

/* Begin XCConfigurationList section */
		81F012971F0F969900C0A76D /* Build configuration list for PBXProject "RuntimeTest" */ = {
			isa = XCConfigurationList;
			buildConfigurations = (
				81F012B11F0F969900C0A76D /* Debug */,
				81F012B21F0F969900C0A76D /* Release */,
			);
			defaultConfigurationIsVisible = 0;
			defaultConfigurationName = Release;
		};
		81F012B31F0F969900C0A76D /* Build configuration list for PBXNativeTarget "RuntimeTest" */ = {
			isa = XCConfigurationList;
			buildConfigurations = (
				81F012B41F0F969900C0A76D /* Debug */,
				81F012B51F0F969900C0A76D /* Release */,
			);
			defaultConfigurationIsVisible = 0;
		};
/* End XCConfigurationList section */
	};
	rootObject = 81F012941F0F969900C0A76D /* Project object */;
}
